
Microsoft Visual Studio Solution File, Format Version 12.00
# Visual Studio Version 17
VisualStudioVersion = 17.13.35617.110 d17.13
MinimumVisualStudioVersion = 10.0.40219.1
Project("{FAE04EC0-301F-11D3-BF4B-00C04F79EFBC}") = "CircleDecoratorApp", "CircleDecoratorApp\CircleDecoratorApp.csproj", "{E4163027-8F84-4F37-AE96-018D1D21F4E6}"
EndProject
Global
	GlobalSection(SolutionConfigurationPlatforms) = preSolution
		Debug|Any CPU = Debug|Any CPU
		Release|Any CPU = Release|Any CPU
	EndGlobalSection
	GlobalSection(ProjectConfigurationPlatforms) = postSolution
		{E4163027-8F84-4F37-AE96-018D1D21F4E6}.Debug|Any CPU.ActiveCfg = Debug|Any CPU
		{E4163027-8F84-4F37-AE96-018D1D21F4E6}.Debug|Any CPU.Build.0 = Debug|Any CPU
		{E4163027-8F84-4F37-AE96-018D1D21F4E6}.Release|Any CPU.ActiveCfg = Release|Any CPU
		{E4163027-8F84-4F37-AE96-018D1D21F4E6}.Release|Any CPU.Build.0 = Release|Any CPU
	EndGlobalSection
	GlobalSection(SolutionProperties) = preSolution
		HideSolutionNode = FALSE
	EndGlobalSection
	GlobalSection(ExtensibilityGlobals) = postSolution
		SolutionGuid = {D37E3021-A62B-4369-9C77-1779D3F673AC}
	EndGlobalSection
EndGlobal
