
Microsoft Visual Studio Solution File, Format Version 12.00
# Visual Studio Version 17
VisualStudioVersion = 17.13.35731.43 d17.13
MinimumVisualStudioVersion = 10.0.40219.1
Project("{FAE04EC0-301F-11D3-BF4B-00C04F79EFBC}") = "AnimalFarmPlanner", "AnimalFarmPlanner.csproj", "{1E18563C-5C3F-4620-B564-638BD83A0CE5}"
EndProject
Global
	GlobalSection(SolutionConfigurationPlatforms) = preSolution
		Debug|Any CPU = Debug|Any CPU
		Release|Any CPU = Release|Any CPU
	EndGlobalSection
	GlobalSection(ProjectConfigurationPlatforms) = postSolution
		{1E18563C-5C3F-4620-B564-638BD83A0CE5}.Debug|Any CPU.ActiveCfg = Debug|Any CPU
		{1E18563C-5C3F-4620-B564-638BD83A0CE5}.Debug|Any CPU.Build.0 = Debug|Any CPU
		{1E18563C-5C3F-4620-B564-638BD83A0CE5}.Release|Any CPU.ActiveCfg = Release|Any CPU
		{1E18563C-5C3F-4620-B564-638BD83A0CE5}.Release|Any CPU.Build.0 = Release|Any CPU
	EndGlobalSection
	GlobalSection(SolutionProperties) = preSolution
		HideSolutionNode = FALSE
	EndGlobalSection
	GlobalSection(ExtensibilityGlobals) = postSolution
		SolutionGuid = {7A4A916C-58C1-45B8-A871-C61A3FE53485}
	EndGlobalSection
EndGlobal
