
Microsoft Visual Studio Solution File, Format Version 12.00
# Visual Studio Version 17
VisualStudioVersion = 17.13.35731.43 d17.13
MinimumVisualStudioVersion = 10.0.40219.1
Project("{FAE04EC0-301F-11D3-BF4B-00C04F79EFBC}") = "BankAccount", "BankAccount.csproj", "{C39062FB-53D3-4A9A-A970-1E0746CFDC8A}"
EndProject
Global
	GlobalSection(SolutionConfigurationPlatforms) = preSolution
		Debug|Any CPU = Debug|Any CPU
		Release|Any CPU = Release|Any CPU
	EndGlobalSection
	GlobalSection(ProjectConfigurationPlatforms) = postSolution
		{C39062FB-53D3-4A9A-A970-1E0746CFDC8A}.Debug|Any CPU.ActiveCfg = Debug|Any CPU
		{C39062FB-53D3-4A9A-A970-1E0746CFDC8A}.Debug|Any CPU.Build.0 = Debug|Any CPU
		{C39062FB-53D3-4A9A-A970-1E0746CFDC8A}.Release|Any CPU.ActiveCfg = Release|Any CPU
		{C39062FB-53D3-4A9A-A970-1E0746CFDC8A}.Release|Any CPU.Build.0 = Release|Any CPU
	EndGlobalSection
	GlobalSection(SolutionProperties) = preSolution
		HideSolutionNode = FALSE
	EndGlobalSection
	GlobalSection(ExtensibilityGlobals) = postSolution
		SolutionGuid = {D12C24E3-16F9-4481-8637-A2C033B475BC}
	EndGlobalSection
EndGlobal
