
Microsoft Visual Studio Solution File, Format Version 12.00
# Visual Studio Version 17
VisualStudioVersion = 17.11.35312.102
MinimumVisualStudioVersion = 10.0.40219.1
Project("{FAE04EC0-301F-11D3-BF4B-00C04F79EFBC}") = "LaptopBuilder", "LaptopBuilder\LaptopBuilder.csproj", "{70CC5E99-C8B0-439D-96C8-B20FE2629F58}"
EndProject
Global
	GlobalSection(SolutionConfigurationPlatforms) = preSolution
		Debug|Any CPU = Debug|Any CPU
		Release|Any CPU = Release|Any CPU
	EndGlobalSection
	GlobalSection(ProjectConfigurationPlatforms) = postSolution
		{70CC5E99-C8B0-439D-96C8-B20FE2629F58}.Debug|Any CPU.ActiveCfg = Debug|Any CPU
		{70CC5E99-C8B0-439D-96C8-B20FE2629F58}.Debug|Any CPU.Build.0 = Debug|Any CPU
		{70CC5E99-C8B0-439D-96C8-B20FE2629F58}.Release|Any CPU.ActiveCfg = Release|Any CPU
		{70CC5E99-C8B0-439D-96C8-B20FE2629F58}.Release|Any CPU.Build.0 = Release|Any CPU
	EndGlobalSection
	GlobalSection(SolutionProperties) = preSolution
		HideSolutionNode = FALSE
	EndGlobalSection
	GlobalSection(ExtensibilityGlobals) = postSolution
		SolutionGuid = {84F61C10-35DB-4BAB-8607-AEB2F42F64E2}
	EndGlobalSection
EndGlobal
